
Microsoft Visual Studio Solution File, Format Version 12.00
# Visual Studio Version 17
VisualStudioVersion = 17.9.34728.123
MinimumVisualStudioVersion = 10.0.40219.1
Project("{FAE04EC0-301F-11D3-BF4B-00C04F79EFBC}") = "TootedJaKategooriad", "TootedJaKategooriad\TootedJaKategooriad.csproj", "{430CC354-D30F-4F23-B053-B8A0357F80CB}"
EndProject
Global
	GlobalSection(SolutionConfigurationPlatforms) = preSolution
		Debug|Any CPU = Debug|Any CPU
		Release|Any CPU = Release|Any CPU
	EndGlobalSection
	GlobalSection(ProjectConfigurationPlatforms) = postSolution
		{430CC354-D30F-4F23-B053-B8A0357F80CB}.Debug|Any CPU.ActiveCfg = Debug|Any CPU
		{430CC354-D30F-4F23-B053-B8A0357F80CB}.Debug|Any CPU.Build.0 = Debug|Any CPU
		{430CC354-D30F-4F23-B053-B8A0357F80CB}.Release|Any CPU.ActiveCfg = Release|Any CPU
		{430CC354-D30F-4F23-B053-B8A0357F80CB}.Release|Any CPU.Build.0 = Release|Any CPU
	EndGlobalSection
	GlobalSection(SolutionProperties) = preSolution
		HideSolutionNode = FALSE
	EndGlobalSection
	GlobalSection(ExtensibilityGlobals) = postSolution
		SolutionGuid = {AB620FFB-CF0F-4880-BAA6-E9BBBB05DEF7}
	EndGlobalSection
EndGlobal
